
Microsoft Visual Studio Solution File, Format Version 12.00
# Visual Studio 15
VisualStudioVersion = 15.0.28307.1062
MinimumVisualStudioVersion = 10.0.40219.1
Project("{FAE04EC0-301F-11D3-BF4B-00C04F79EFBC}") = "Introduzione", "Introduzione\Introduzione.csproj", "{92A22CAB-FA5A-4FA2-8F29-35CE13423B82}"
EndProject
Global
	GlobalSection(SolutionConfigurationPlatforms) = preSolution
		Debug|Any CPU = Debug|Any CPU
		Release|Any CPU = Release|Any CPU
	EndGlobalSection
	GlobalSection(ProjectConfigurationPlatforms) = postSolution
		{92A22CAB-FA5A-4FA2-8F29-35CE13423B82}.Debug|Any CPU.ActiveCfg = Debug|Any CPU
		{92A22CAB-FA5A-4FA2-8F29-35CE13423B82}.Debug|Any CPU.Build.0 = Debug|Any CPU
		{92A22CAB-FA5A-4FA2-8F29-35CE13423B82}.Release|Any CPU.ActiveCfg = Release|Any CPU
		{92A22CAB-FA5A-4FA2-8F29-35CE13423B82}.Release|Any CPU.Build.0 = Release|Any CPU
	EndGlobalSection
	GlobalSection(SolutionProperties) = preSolution
		HideSolutionNode = FALSE
	EndGlobalSection
	GlobalSection(ExtensibilityGlobals) = postSolution
		SolutionGuid = {DB9CF520-7D2C-4C2C-853D-21B5E79511FC}
	EndGlobalSection
EndGlobal
